<?xml version="1.0" encoding="utf-8"?>
<Project ToolsVersion="4.0" xmlns="http://schemas.microsoft.com/developer/msbuild/2003">
  <ItemGroup>
    <Filter Include="源文件">
      <UniqueIdentifier>{4FC737F1-C7A5-4376-A066-2A32D752A2FF}</UniqueIdentifier>
      <Extensions>cpp;c;cc;cxx;def;odl;idl;hpj;bat;asm;asmx</Extensions>
    </Filter>
    <Filter Include="头文件">
      <UniqueIdentifier>{93995380-89BD-4b04-88EB-625FBE52EBFB}</UniqueIdentifier>
      <Extensions>h;hh;hpp;hxx;hm;inl;inc;xsd</Extensions>
    </Filter>
    <Filter Include="资源文件">
      <UniqueIdentifier>{67DA6AB6-F800-4c08-8B7A-83BB121AAD01}</UniqueIdentifier>
      <Extensions>rc;ico;cur;bmp;dlg;rc2;rct;bin;rgs;gif;jpg;jpeg;jpe;resx;tiff;tif;png;wav;mfcribbon-ms</Extensions>
    </Filter>
  </ItemGroup>
  <ItemGroup>
    <Text Include="ReadMe.txt" />
  </ItemGroup>
  <ItemGroup>
    <ClInclude Include="MSerialsUI.h">
      <Filter>头文件</Filter>
    </ClInclude>
    <ClInclude Include="stdafx.h">
      <Filter>头文件</Filter>
    </ClInclude>
    <ClInclude Include="targetver.h">
      <Filter>头文件</Filter>
    </ClInclude>
    <ClInclude Include="MainFrm.h">
      <Filter>头文件</Filter>
    </ClInclude>
    <ClInclude Include="MSerialsUIDoc.h">
      <Filter>头文件</Filter>
    </ClInclude>
    <ClInclude Include="MSerialsUIView.h">
      <Filter>头文件</Filter>
    </ClInclude>
    <ClInclude Include="Resource.h">
      <Filter>头文件</Filter>
    </ClInclude>
    <ClInclude Include="TensorFlow.h">
      <Filter>头文件</Filter>
    </ClInclude>
    <ClInclude Include="Global.h">
      <Filter>头文件</Filter>
    </ClInclude>
    <ClInclude Include="SysControl.h">
      <Filter>头文件</Filter>
    </ClInclude>
    <ClInclude Include="Opencvprocess.h">
      <Filter>头文件</Filter>
    </ClInclude>
    <ClInclude Include="Operation.h">
      <Filter>头文件</Filter>
    </ClInclude>
    <ClInclude Include="TabControl.h">
      <Filter>头文件</Filter>
    </ClInclude>
    <ClInclude Include="Camera1.h">
      <Filter>头文件</Filter>
    </ClInclude>
    <ClInclude Include="Camera2.h">
      <Filter>头文件</Filter>
    </ClInclude>
    <ClInclude Include="RS232Dialg.h">
      <Filter>头文件</Filter>
    </ClInclude>
    <ClInclude Include="MSerialsCam.h">
      <Filter>头文件</Filter>
    </ClInclude>
    <ClInclude Include="halcon.h">
      <Filter>头文件</Filter>
    </ClInclude>
    <ClInclude Include="View1.h">
      <Filter>头文件</Filter>
    </ClInclude>
    <ClInclude Include="View2.h">
      <Filter>头文件</Filter>
    </ClInclude>
    <ClInclude Include="Settings.h">
      <Filter>头文件</Filter>
    </ClInclude>
    <ClInclude Include="MSerialsCV.h">
      <Filter>头文件</Filter>
    </ClInclude>
    <ClInclude Include="Verity.h">
      <Filter>头文件</Filter>
    </ClInclude>
    <ClInclude Include="StatistcDlg.h">
      <Filter>头文件</Filter>
    </ClInclude>
    <ClInclude Include="StaticsShowDlg.h">
      <Filter>头文件</Filter>
    </ClInclude>
    <ClInclude Include="HistoryDlg.h">
      <Filter>头文件</Filter>
    </ClInclude>
    <ClInclude Include="CTxt.h">
      <Filter>头文件</Filter>
    </ClInclude>
    <ClInclude Include="VerifyAccess.h">
      <Filter>头文件</Filter>
    </ClInclude>
    <ClInclude Include="SerialsVerify.h">
      <Filter>头文件</Filter>
    </ClInclude>
    <ClInclude Include="CalSerials.h">
      <Filter>头文件</Filter>
    </ClInclude>
  </ItemGroup>
  <ItemGroup>
    <ClCompile Include="MSerialsUI.cpp">
      <Filter>源文件</Filter>
    </ClCompile>
    <ClCompile Include="stdafx.cpp">
      <Filter>源文件</Filter>
    </ClCompile>
    <ClCompile Include="MainFrm.cpp">
      <Filter>源文件</Filter>
    </ClCompile>
    <ClCompile Include="MSerialsUIDoc.cpp">
      <Filter>源文件</Filter>
    </ClCompile>
    <ClCompile Include="MSerialsUIView.cpp">
      <Filter>源文件</Filter>
    </ClCompile>
    <ClCompile Include="SysControl.cpp">
      <Filter>源文件</Filter>
    </ClCompile>
    <ClCompile Include="Opencvprocess.cpp">
      <Filter>源文件</Filter>
    </ClCompile>
    <ClCompile Include="Operation.cpp">
      <Filter>源文件</Filter>
    </ClCompile>
    <ClCompile Include="TabControl.cpp">
      <Filter>源文件</Filter>
    </ClCompile>
    <ClCompile Include="Camera1.cpp">
      <Filter>源文件</Filter>
    </ClCompile>
    <ClCompile Include="Camera2.cpp">
      <Filter>源文件</Filter>
    </ClCompile>
    <ClCompile Include="RS232Dialg.cpp">
      <Filter>源文件</Filter>
    </ClCompile>
    <ClCompile Include="View1.cpp">
      <Filter>源文件</Filter>
    </ClCompile>
    <ClCompile Include="View2.cpp">
      <Filter>源文件</Filter>
    </ClCompile>
    <ClCompile Include="third_party\Preferences\Preferences.cpp">
      <Filter>源文件</Filter>
    </ClCompile>
    <ClCompile Include="SerialPort.cpp">
      <Filter>源文件</Filter>
    </ClCompile>
    <ClCompile Include="Settings.cpp">
      <Filter>源文件</Filter>
    </ClCompile>
    <ClCompile Include="Verity.cpp">
      <Filter>源文件</Filter>
    </ClCompile>
    <ClCompile Include="StatistcDlg.cpp">
      <Filter>源文件</Filter>
    </ClCompile>
    <ClCompile Include="StaticsShowDlg.cpp">
      <Filter>源文件</Filter>
    </ClCompile>
    <ClCompile Include="HistoryDlg.cpp">
      <Filter>源文件</Filter>
    </ClCompile>
    <ClCompile Include="CTxt.cpp">
      <Filter>源文件</Filter>
    </ClCompile>
    <ClCompile Include="VerifyAccess.cpp">
      <Filter>源文件</Filter>
    </ClCompile>
    <ClCompile Include="AES.cpp">
      <Filter>源文件</Filter>
    </ClCompile>
    <ClCompile Include="MD5.cpp">
      <Filter>源文件</Filter>
    </ClCompile>
    <ClCompile Include="CalSerials.cpp">
      <Filter>源文件</Filter>
    </ClCompile>
  </ItemGroup>
  <ItemGroup>
    <ResourceCompile Include="MSerialsUI.rc">
      <Filter>资源文件</Filter>
    </ResourceCompile>
  </ItemGroup>
  <ItemGroup>
    <Image Include="res\info.bmp">
      <Filter>资源文件</Filter>
    </Image>
    <Image Include="res\buttons.bmp">
      <Filter>资源文件</Filter>
    </Image>
    <Image Include="res\filelarge.bmp">
      <Filter>资源文件</Filter>
    </Image>
    <Image Include="res\filesmall.bmp">
      <Filter>资源文件</Filter>
    </Image>
    <Image Include="res\main.bmp">
      <Filter>资源文件</Filter>
    </Image>
    <Image Include="res\writelarge.bmp">
      <Filter>资源文件</Filter>
    </Image>
    <Image Include="res\writesmall.bmp">
      <Filter>资源文件</Filter>
    </Image>
    <Image Include="res\MSerialsUIDoc.ico">
      <Filter>资源文件</Filter>
    </Image>
    <Image Include="res\MSerialsUI.ico">
      <Filter>资源文件</Filter>
    </Image>
    <Image Include="res\Toolbar.bmp">
      <Filter>资源文件</Filter>
    </Image>
    <Image Include="res\Toolbar256.bmp">
      <Filter>资源文件</Filter>
    </Image>
  </ItemGroup>
  <ItemGroup>
    <None Include="res\ribbon.mfcribbon-ms">
      <Filter>资源文件</Filter>
    </None>
    <None Include="res\MSerialsUI.rc2">
      <Filter>资源文件</Filter>
    </None>
  </ItemGroup>
</Project>